// !$*UTF8*$!
{
	archiveVersion = 1;
	classes = {
	};
	objectVersion = 56;
	objects = {

/* Begin PBXBuildFile section */
		2AAE33B62C5199E700340936 /* Twitter_CloneApp.swift in Sources */ = {isa = PBXBuildFile; fileRef = 2AAE33B52C5199E700340936 /* Twitter_CloneApp.swift */; };
		2AAE33B82C5199E700340936 /* ContentView.swift in Sources */ = {isa = PBXBuildFile; fileRef = 2AAE33B72C5199E700340936 /* ContentView.swift */; };
		2AAE33BD2C5199E900340936 /* Preview Assets.xcassets in Resources */ = {isa = PBXBuildFile; fileRef = 2AAE33BC2C5199E900340936 /* Preview Assets.xcassets */; };
		2AAE33D32C519FAA00340936 /* Home.swift in Sources */ = {isa = PBXBuildFile; fileRef = 2AAE33D22C519FAA00340936 /* Home.swift */; };
		2AAE33D52C51A18000340936 /* Assets.xcassets in Resources */ = {isa = PBXBuildFile; fileRef = 2AAE33D42C51A18000340936 /* Assets.xcassets */; };
		2AAE33D72C51A41900340936 /* Feed.swift in Sources */ = {isa = PBXBuildFile; fileRef = 2AAE33D62C51A41900340936 /* Feed.swift */; };
		2AAE33D92C51A42900340936 /* Messages.swift in Sources */ = {isa = PBXBuildFile; fileRef = 2AAE33D82C51A42900340936 /* Messages.swift */; };
		2AAE33DB2C51A43800340936 /* Notifications.swift in Sources */ = {isa = PBXBuildFile; fileRef = 2AAE33DA2C51A43800340936 /* Notifications.swift */; };
		2AAE33DD2C51A44600340936 /* Search.swift in Sources */ = {isa = PBXBuildFile; fileRef = 2AAE33DC2C51A44600340936 /* Search.swift */; };
/* End PBXBuildFile section */

/* Begin PBXFileReference section */
		2AAE33B22C5199E700340936 /* Twitter-Clone.app */ = {isa = PBXFileReference; explicitFileType = wrapper.application; includeInIndex = 0; path = "Twitter-Clone.app"; sourceTree = BUILT_PRODUCTS_DIR; };
		2AAE33B52C5199E700340936 /* Twitter_CloneApp.swift */ = {isa = PBXFileReference; lastKnownFileType = sourcecode.swift; path = Twitter_CloneApp.swift; sourceTree = "<group>"; };
		2AAE33B72C5199E700340936 /* ContentView.swift */ = {isa = PBXFileReference; lastKnownFileType = sourcecode.swift; path = ContentView.swift; sourceTree = "<group>"; };
		2AAE33BC2C5199E900340936 /* Preview Assets.xcassets */ = {isa = PBXFileReference; lastKnownFileType = folder.assetcatalog; path = "Preview Assets.xcassets"; sourceTree = "<group>"; };
		2AAE33D22C519FAA00340936 /* Home.swift */ = {isa = PBXFileReference; lastKnownFileType = sourcecode.swift; path = Home.swift; sourceTree = "<group>"; };
		2AAE33D42C51A18000340936 /* Assets.xcassets */ = {isa = PBXFileReference; lastKnownFileType = folder.assetcatalog; name = Assets.xcassets; path = "../../../../../../Downloads/twitter-clone-frontend/Shared/Assets.xcassets"; sourceTree = "<group>"; };
		2AAE33D62C51A41900340936 /* Feed.swift */ = {isa = PBXFileReference; lastKnownFileType = sourcecode.swift; path = Feed.swift; sourceTree = "<group>"; };
		2AAE33D82C51A42900340936 /* Messages.swift */ = {isa = PBXFileReference; lastKnownFileType = sourcecode.swift; path = Messages.swift; sourceTree = "<group>"; };
		2AAE33DA2C51A43800340936 /* Notifications.swift */ = {isa = PBXFileReference; lastKnownFileType = sourcecode.swift; path = Notifications.swift; sourceTree = "<group>"; };
		2AAE33DC2C51A44600340936 /* Search.swift */ = {isa = PBXFileReference; lastKnownFileType = sourcecode.swift; path = Search.swift; sourceTree = "<group>"; };
/* End PBXFileReference section */

/* Begin PBXFrameworksBuildPhase section */
		2AAE33AF2C5199E700340936 /* Frameworks */ = {
			isa = PBXFrameworksBuildPhase;
			buildActionMask = 2147483647;
			files = (
			);
			runOnlyForDeploymentPostprocessing = 0;
		};
/* End PBXFrameworksBuildPhase section */

/* Begin PBXGroup section */
		2AAE33A92C5199E700340936 = {
			isa = PBXGroup;
			children = (
				2AAE33B42C5199E700340936 /* Twitter-Clone */,
				2AAE33B32C5199E700340936 /* Products */,
			);
			sourceTree = "<group>";
		};
		2AAE33B32C5199E700340936 /* Products */ = {
			isa = PBXGroup;
			children = (
				2AAE33B22C5199E700340936 /* Twitter-Clone.app */,
			);
			name = Products;
			sourceTree = "<group>";
		};
		2AAE33B42C5199E700340936 /* Twitter-Clone */ = {
			isa = PBXGroup;
			children = (
				2AAE33C72C519D2F00340936 /* Models */,
				2AAE33C62C519CFF00340936 /* Extensions */,
				2AAE33C52C519CC900340936 /* Services */,
				2AAE33C42C519CAD00340936 /* ViewModels */,
				2AAE33C32C519C4E00340936 /* Views */,
				2AAE33B52C5199E700340936 /* Twitter_CloneApp.swift */,
				2AAE33B72C5199E700340936 /* ContentView.swift */,
				2AAE33D42C51A18000340936 /* Assets.xcassets */,
				2AAE33BB2C5199E900340936 /* Preview Content */,
			);
			path = "Twitter-Clone";
			sourceTree = "<group>";
		};
		2AAE33BB2C5199E900340936 /* Preview Content */ = {
			isa = PBXGroup;
			children = (
				2AAE33BC2C5199E900340936 /* Preview Assets.xcassets */,
			);
			path = "Preview Content";
			sourceTree = "<group>";
		};
		2AAE33C32C519C4E00340936 /* Views */ = {
			isa = PBXGroup;
			children = (
				2AAE33D02C519EB500340936 /* Feed */,
				2AAE33CD2C519EB500340936 /* Items */,
				2AAE33CC2C519EB500340936 /* Main */,
				2AAE33CE2C519EB500340936 /* Messages */,
				2AAE33CA2C519EB500340936 /* Notifications */,
				2AAE33D12C519EB500340936 /* Post */,
				2AAE33CB2C519EB500340936 /* Profile */,
				2AAE33C92C519EB500340936 /* Search */,
				2AAE33C82C519EA400340936 /* Authentication */,
			);
			path = Views;
			sourceTree = "<group>";
		};
		2AAE33C42C519CAD00340936 /* ViewModels */ = {
			isa = PBXGroup;
			children = (
			);
			path = ViewModels;
			sourceTree = "<group>";
		};
		2AAE33C52C519CC900340936 /* Services */ = {
			isa = PBXGroup;
			children = (
			);
			path = Services;
			sourceTree = "<group>";
		};
		2AAE33C62C519CFF00340936 /* Extensions */ = {
			isa = PBXGroup;
			children = (
			);
			path = Extensions;
			sourceTree = "<group>";
		};
		2AAE33C72C519D2F00340936 /* Models */ = {
			isa = PBXGroup;
			children = (
			);
			path = Models;
			sourceTree = "<group>";
		};
		2AAE33C82C519EA400340936 /* Authentication */ = {
			isa = PBXGroup;
			children = (
			);
			path = Authentication;
			sourceTree = "<group>";
		};
		2AAE33C92C519EB500340936 /* Search */ = {
			isa = PBXGroup;
			children = (
				2AAE33DC2C51A44600340936 /* Search.swift */,
			);
			path = Search;
			sourceTree = "<group>";
		};
		2AAE33CA2C519EB500340936 /* Notifications */ = {
			isa = PBXGroup;
			children = (
				2AAE33DA2C51A43800340936 /* Notifications.swift */,
			);
			path = Notifications;
			sourceTree = "<group>";
		};
		2AAE33CB2C519EB500340936 /* Profile */ = {
			isa = PBXGroup;
			children = (
			);
			path = Profile;
			sourceTree = "<group>";
		};
		2AAE33CC2C519EB500340936 /* Main */ = {
			isa = PBXGroup;
			children = (
				2AAE33D22C519FAA00340936 /* Home.swift */,
			);
			path = Main;
			sourceTree = "<group>";
		};
		2AAE33CD2C519EB500340936 /* Items */ = {
			isa = PBXGroup;
			children = (
			);
			path = Items;
			sourceTree = "<group>";
		};
		2AAE33CE2C519EB500340936 /* Messages */ = {
			isa = PBXGroup;
			children = (
				2AAE33D82C51A42900340936 /* Messages.swift */,
			);
			path = Messages;
			sourceTree = "<group>";
		};
		2AAE33D02C519EB500340936 /* Feed */ = {
			isa = PBXGroup;
			children = (
				2AAE33D62C51A41900340936 /* Feed.swift */,
			);
			path = Feed;
			sourceTree = "<group>";
		};
		2AAE33D12C519EB500340936 /* Post */ = {
			isa = PBXGroup;
			children = (
			);
			path = Post;
			sourceTree = "<group>";
		};
/* End PBXGroup section */

/* Begin PBXNativeTarget section */
		2AAE33B12C5199E700340936 /* Twitter-Clone */ = {
			isa = PBXNativeTarget;
			buildConfigurationList = 2AAE33C02C5199E900340936 /* Build configuration list for PBXNativeTarget "Twitter-Clone" */;
			buildPhases = (
				2AAE33AE2C5199E700340936 /* Sources */,
				2AAE33AF2C5199E700340936 /* Frameworks */,
				2AAE33B02C5199E700340936 /* Resources */,
			);
			buildRules = (
			);
			dependencies = (
			);
			name = "Twitter-Clone";
			productName = "Twitter-Clone";
			productReference = 2AAE33B22C5199E700340936 /* Twitter-Clone.app */;
			productType = "com.apple.product-type.application";
		};
/* End PBXNativeTarget section */

/* Begin PBXProject section */
		2AAE33AA2C5199E700340936 /* Project object */ = {
			isa = PBXProject;
			attributes = {
				BuildIndependentTargetsInParallel = 1;
				LastSwiftUpdateCheck = 1540;
				LastUpgradeCheck = 1540;
				TargetAttributes = {
					2AAE33B12C5199E700340936 = {
						CreatedOnToolsVersion = 15.4;
					};
				};
			};
			buildConfigurationList = 2AAE33AD2C5199E700340936 /* Build configuration list for PBXProject "Twitter-Clone" */;
			compatibilityVersion = "Xcode 14.0";
			developmentRegion = en;
			hasScannedForEncodings = 0;
			knownRegions = (
				en,
				Base,
			);
			mainGroup = 2AAE33A92C5199E700340936;
			productRefGroup = 2AAE33B32C5199E700340936 /* Products */;
			projectDirPath = "";
			projectRoot = "";
			targets = (
				2AAE33B12C5199E700340936 /* Twitter-Clone */,
			);
		};
/* End PBXProject section */

/* Begin PBXResourcesBuildPhase section */
		2AAE33B02C5199E700340936 /* Resources */ = {
			isa = PBXResourcesBuildPhase;
			buildActionMask = 2147483647;
			files = (
				2AAE33BD2C5199E900340936 /* Preview Assets.xcassets in Resources */,
				2AAE33D52C51A18000340936 /* Assets.xcassets in Resources */,
			);
			runOnlyForDeploymentPostprocessing = 0;
		};
/* End PBXResourcesBuildPhase section */

/* Begin PBXSourcesBuildPhase section */
		2AAE33AE2C5199E700340936 /* Sources */ = {
			isa = PBXSourcesBuildPhase;
			buildActionMask = 2147483647;
			files = (
				2AAE33DB2C51A43800340936 /* Notifications.swift in Sources */,
				2AAE33B82C5199E700340936 /* ContentView.swift in Sources */,
				2AAE33D72C51A41900340936 /* Feed.swift in Sources */,
				2AAE33D92C51A42900340936 /* Messages.swift in Sources */,
				2AAE33D32C519FAA00340936 /* Home.swift in Sources */,
				2AAE33B62C5199E700340936 /* Twitter_CloneApp.swift in Sources */,
				2AAE33DD2C51A44600340936 /* Search.swift in Sources */,
			);
			runOnlyForDeploymentPostprocessing = 0;
		};
/* End PBXSourcesBuildPhase section */

/* Begin XCBuildConfiguration section */
		2AAE33BE2C5199E900340936 /* Debug */ = {
			isa = XCBuildConfiguration;
			buildSettings = {
				ALWAYS_SEARCH_USER_PATHS = NO;
				ASSETCATALOG_COMPILER_GENERATE_SWIFT_ASSET_SYMBOL_EXTENSIONS = YES;
				CLANG_ANALYZER_NONNULL = YES;
				CLANG_ANALYZER_NUMBER_OBJECT_CONVERSION = YES_AGGRESSIVE;
				CLANG_CXX_LANGUAGE_STANDARD = "gnu++20";
				CLANG_ENABLE_MODULES = YES;
				CLANG_ENABLE_OBJC_ARC = YES;
				CLANG_ENABLE_OBJC_WEAK = YES;
				CLANG_WARN_BLOCK_CAPTURE_AUTORELEASING = YES;
				CLANG_WARN_BOOL_CONVERSION = YES;
				CLANG_WARN_COMMA = YES;
				CLANG_WARN_CONSTANT_CONVERSION = YES;
				CLANG_WARN_DEPRECATED_OBJC_IMPLEMENTATIONS = YES;
				CLANG_WARN_DIRECT_OBJC_ISA_USAGE = YES_ERROR;
				CLANG_WARN_DOCUMENTATION_COMMENTS = YES;
				CLANG_WARN_EMPTY_BODY = YES;
				CLANG_WARN_ENUM_CONVERSION = YES;
				CLANG_WARN_INFINITE_RECURSION = YES;
				CLANG_WARN_INT_CONVERSION = YES;
				CLANG_WARN_NON_LITERAL_NULL_CONVERSION = YES;
				CLANG_WARN_OBJC_IMPLICIT_RETAIN_SELF = YES;
				CLANG_WARN_OBJC_LITERAL_CONVERSION = YES;
				CLANG_WARN_OBJC_ROOT_CLASS = YES_ERROR;
				CLANG_WARN_QUOTED_INCLUDE_IN_FRAMEWORK_HEADER = YES;
				CLANG_WARN_RANGE_LOOP_ANALYSIS = YES;
				CLANG_WARN_STRICT_PROTOTYPES = YES;
				CLANG_WARN_SUSPICIOUS_MOVE = YES;
				CLANG_WARN_UNGUARDED_AVAILABILITY = YES_AGGRESSIVE;
				CLANG_WARN_UNREACHABLE_CODE = YES;
				CLANG_WARN__DUPLICATE_METHOD_MATCH = YES;
				COPY_PHASE_STRIP = NO;
				DEBUG_INFORMATION_FORMAT = dwarf;
				ENABLE_STRICT_OBJC_MSGSEND = YES;
				ENABLE_TESTABILITY = YES;
				ENABLE_USER_SCRIPT_SANDBOXING = YES;
				GCC_C_LANGUAGE_STANDARD = gnu17;
				GCC_DYNAMIC_NO_PIC = NO;
				GCC_NO_COMMON_BLOCKS = YES;
				GCC_OPTIMIZATION_LEVEL = 0;
				GCC_PREPROCESSOR_DEFINITIONS = (
					"DEBUG=1",
					"$(inherited)",
				);
				GCC_WARN_64_TO_32_BIT_CONVERSION = YES;
				GCC_WARN_ABOUT_RETURN_TYPE = YES_ERROR;
				GCC_WARN_UNDECLARED_SELECTOR = YES;
				GCC_WARN_UNINITIALIZED_AUTOS = YES_AGGRESSIVE;
				GCC_WARN_UNUSED_FUNCTION = YES;
				GCC_WARN_UNUSED_VARIABLE = YES;
				IPHONEOS_DEPLOYMENT_TARGET = 17.5;
				LOCALIZATION_PREFERS_STRING_CATALOGS = YES;
				MTL_ENABLE_DEBUG_INFO = INCLUDE_SOURCE;
				MTL_FAST_MATH = YES;
				ONLY_ACTIVE_ARCH = YES;
				SDKROOT = iphoneos;
				SWIFT_ACTIVE_COMPILATION_CONDITIONS = "DEBUG $(inherited)";
				SWIFT_OPTIMIZATION_LEVEL = "-Onone";
			};
			name = Debug;
		};
		2AAE33BF2C5199E900340936 /* Release */ = {
			isa = XCBuildConfiguration;
			buildSettings = {
				ALWAYS_SEARCH_USER_PATHS = NO;
				ASSETCATALOG_COMPILER_GENERATE_SWIFT_ASSET_SYMBOL_EXTENSIONS = YES;
				CLANG_ANALYZER_NONNULL = YES;
				CLANG_ANALYZER_NUMBER_OBJECT_CONVERSION = YES_AGGRESSIVE;
				CLANG_CXX_LANGUAGE_STANDARD = "gnu++20";
				CLANG_ENABLE_MODULES = YES;
				CLANG_ENABLE_OBJC_ARC = YES;
				CLANG_ENABLE_OBJC_WEAK = YES;
				CLANG_WARN_BLOCK_CAPTURE_AUTORELEASING = YES;
				CLANG_WARN_BOOL_CONVERSION = YES;
				CLANG_WARN_COMMA = YES;
				CLANG_WARN_CONSTANT_CONVERSION = YES;
				CLANG_WARN_DEPRECATED_OBJC_IMPLEMENTATIONS = YES;
				CLANG_WARN_DIRECT_OBJC_ISA_USAGE = YES_ERROR;
				CLANG_WARN_DOCUMENTATION_COMMENTS = YES;
				CLANG_WARN_EMPTY_BODY = YES;
				CLANG_WARN_ENUM_CONVERSION = YES;
				CLANG_WARN_INFINITE_RECURSION = YES;
				CLANG_WARN_INT_CONVERSION = YES;
				CLANG_WARN_NON_LITERAL_NULL_CONVERSION = YES;
				CLANG_WARN_OBJC_IMPLICIT_RETAIN_SELF = YES;
				CLANG_WARN_OBJC_LITERAL_CONVERSION = YES;
				CLANG_WARN_OBJC_ROOT_CLASS = YES_ERROR;
				CLANG_WARN_QUOTED_INCLUDE_IN_FRAMEWORK_HEADER = YES;
				CLANG_WARN_RANGE_LOOP_ANALYSIS = YES;
				CLANG_WARN_STRICT_PROTOTYPES = YES;
				CLANG_WARN_SUSPICIOUS_MOVE = YES;
				CLANG_WARN_UNGUARDED_AVAILABILITY = YES_AGGRESSIVE;
				CLANG_WARN_UNREACHABLE_CODE = YES;
				CLANG_WARN__DUPLICATE_METHOD_MATCH = YES;
				COPY_PHASE_STRIP = NO;
				DEBUG_INFORMATION_FORMAT = "dwarf-with-dsym";
				ENABLE_NS_ASSERTIONS = NO;
				ENABLE_STRICT_OBJC_MSGSEND = YES;
				ENABLE_USER_SCRIPT_SANDBOXING = YES;
				GCC_C_LANGUAGE_STANDARD = gnu17;
				GCC_NO_COMMON_BLOCKS = YES;
				GCC_WARN_64_TO_32_BIT_CONVERSION = YES;
				GCC_WARN_ABOUT_RETURN_TYPE = YES_ERROR;
				GCC_WARN_UNDECLARED_SELECTOR = YES;
				GCC_WARN_UNINITIALIZED_AUTOS = YES_AGGRESSIVE;
				GCC_WARN_UNUSED_FUNCTION = YES;
				GCC_WARN_UNUSED_VARIABLE = YES;
				IPHONEOS_DEPLOYMENT_TARGET = 17.5;
				LOCALIZATION_PREFERS_STRING_CATALOGS = YES;
				MTL_ENABLE_DEBUG_INFO = NO;
				MTL_FAST_MATH = YES;
				SDKROOT = iphoneos;
				SWIFT_COMPILATION_MODE = wholemodule;
				VALIDATE_PRODUCT = YES;
			};
			name = Release;
		};
		2AAE33C12C5199E900340936 /* Debug */ = {
			isa = XCBuildConfiguration;
			buildSettings = {
				ASSETCATALOG_COMPILER_APPICON_NAME = AppIcon;
				ASSETCATALOG_COMPILER_GLOBAL_ACCENT_COLOR_NAME = AccentColor;
				CODE_SIGN_STYLE = Automatic;
				CURRENT_PROJECT_VERSION = 1;
				DEVELOPMENT_ASSET_PATHS = "\"Twitter-Clone/Preview Content\"";
				ENABLE_PREVIEWS = YES;
				GENERATE_INFOPLIST_FILE = YES;
				INFOPLIST_KEY_CFBundleDisplayName = "Twitter-Clone";
				INFOPLIST_KEY_UIApplicationSceneManifest_Generation = YES;
				INFOPLIST_KEY_UIApplicationSupportsIndirectInputEvents = YES;
				INFOPLIST_KEY_UILaunchScreen_Generation = YES;
				INFOPLIST_KEY_UISupportedInterfaceOrientations_iPad = "UIInterfaceOrientationPortrait UIInterfaceOrientationPortraitUpsideDown UIInterfaceOrientationLandscapeLeft UIInterfaceOrientationLandscapeRight";
				INFOPLIST_KEY_UISupportedInterfaceOrientations_iPhone = "UIInterfaceOrientationPortrait UIInterfaceOrientationLandscapeLeft UIInterfaceOrientationLandscapeRight";
				IPHONEOS_DEPLOYMENT_TARGET = 14.5;
				LD_RUNPATH_SEARCH_PATHS = (
					"$(inherited)",
					"@executable_path/Frameworks",
				);
				MARKETING_VERSION = 1.0;
				PRODUCT_BUNDLE_IDENTIFIER = "com.course.Twitter-Clone";
				PRODUCT_NAME = "$(TARGET_NAME)";
				SWIFT_EMIT_LOC_STRINGS = YES;
				SWIFT_VERSION = 5.0;
				TARGETED_DEVICE_FAMILY = "1,2";
			};
			name = Debug;
		};
		2AAE33C22C5199E900340936 /* Release */ = {
			isa = XCBuildConfiguration;
			buildSettings = {
				ASSETCATALOG_COMPILER_APPICON_NAME = AppIcon;
				ASSETCATALOG_COMPILER_GLOBAL_ACCENT_COLOR_NAME = AccentColor;
				CODE_SIGN_STYLE = Automatic;
				CURRENT_PROJECT_VERSION = 1;
				DEVELOPMENT_ASSET_PATHS = "\"Twitter-Clone/Preview Content\"";
				ENABLE_PREVIEWS = YES;
				GENERATE_INFOPLIST_FILE = YES;
				INFOPLIST_KEY_CFBundleDisplayName = "Twitter-Clone";
				INFOPLIST_KEY_UIApplicationSceneManifest_Generation = YES;
				INFOPLIST_KEY_UIApplicationSupportsIndirectInputEvents = YES;
				INFOPLIST_KEY_UILaunchScreen_Generation = YES;
				INFOPLIST_KEY_UISupportedInterfaceOrientations_iPad = "UIInterfaceOrientationPortrait UIInterfaceOrientationPortraitUpsideDown UIInterfaceOrientationLandscapeLeft UIInterfaceOrientationLandscapeRight";
				INFOPLIST_KEY_UISupportedInterfaceOrientations_iPhone = "UIInterfaceOrientationPortrait UIInterfaceOrientationLandscapeLeft UIInterfaceOrientationLandscapeRight";
				IPHONEOS_DEPLOYMENT_TARGET = 14.5;
				LD_RUNPATH_SEARCH_PATHS = (
					"$(inherited)",
					"@executable_path/Frameworks",
				);
				MARKETING_VERSION = 1.0;
				PRODUCT_BUNDLE_IDENTIFIER = "com.course.Twitter-Clone";
				PRODUCT_NAME = "$(TARGET_NAME)";
				SWIFT_EMIT_LOC_STRINGS = YES;
				SWIFT_VERSION = 5.0;
				TARGETED_DEVICE_FAMILY = "1,2";
			};
			name = Release;
		};
/* End XCBuildConfiguration section */

/* Begin XCConfigurationList section */
		2AAE33AD2C5199E700340936 /* Build configuration list for PBXProject "Twitter-Clone" */ = {
			isa = XCConfigurationList;
			buildConfigurations = (
				2AAE33BE2C5199E900340936 /* Debug */,
				2AAE33BF2C5199E900340936 /* Release */,
			);
			defaultConfigurationIsVisible = 0;
			defaultConfigurationName = Release;
		};
		2AAE33C02C5199E900340936 /* Build configuration list for PBXNativeTarget "Twitter-Clone" */ = {
			isa = XCConfigurationList;
			buildConfigurations = (
				2AAE33C12C5199E900340936 /* Debug */,
				2AAE33C22C5199E900340936 /* Release */,
			);
			defaultConfigurationIsVisible = 0;
			defaultConfigurationName = Release;
		};
/* End XCConfigurationList section */
	};
	rootObject = 2AAE33AA2C5199E700340936 /* Project object */;
}
